
Microsoft Visual Studio Solution File, Format Version 12.00
# Visual Studio Version 16
VisualStudioVersion = 16.0.31410.357
MinimumVisualStudioVersion = 10.0.40219.1
Project("{E24C65DC-7377-472B-9ABA-BC803B73C61A}") = "JaguarTrade_LiveBkp", ".", "{236B47BD-BD4C-4726-906D-CD77378372DD}"
	ProjectSection(WebsiteProperties) = preProject
		TargetFrameworkMoniker = ".NETFramework,Version%3Dv4.0"
		Debug.AspNetCompiler.VirtualPath = "/localhost_60246"
		Debug.AspNetCompiler.PhysicalPath = "A:\Web Applications\JaguarTrade_LiveBkp\"
		Debug.AspNetCompiler.TargetPath = "PrecompiledWeb\localhost_60246\"
		Debug.AspNetCompiler.Updateable = "true"
		Debug.AspNetCompiler.ForceOverwrite = "true"
		Debug.AspNetCompiler.FixedNames = "false"
		Debug.AspNetCompiler.Debug = "True"
		Release.AspNetCompiler.VirtualPath = "/localhost_60246"
		Release.AspNetCompiler.PhysicalPath = "A:\Web Applications\JaguarTrade_LiveBkp\"
		Release.AspNetCompiler.TargetPath = "PrecompiledWeb\localhost_60246\"
		Release.AspNetCompiler.Updateable = "true"
		Release.AspNetCompiler.ForceOverwrite = "true"
		Release.AspNetCompiler.FixedNames = "false"
		Release.AspNetCompiler.Debug = "False"
		VWDPort = "60246"
	EndProjectSection
EndProject
Global
	GlobalSection(SolutionConfigurationPlatforms) = preSolution
		Debug|Any CPU = Debug|Any CPU
	EndGlobalSection
	GlobalSection(ProjectConfigurationPlatforms) = postSolution
		{236B47BD-BD4C-4726-906D-CD77378372DD}.Debug|Any CPU.ActiveCfg = Debug|Any CPU
		{236B47BD-BD4C-4726-906D-CD77378372DD}.Debug|Any CPU.Build.0 = Debug|Any CPU
	EndGlobalSection
	GlobalSection(SolutionProperties) = preSolution
		HideSolutionNode = FALSE
	EndGlobalSection
	GlobalSection(ExtensibilityGlobals) = postSolution
		SolutionGuid = {A1FBE11E-94B1-4C83-83C1-B562C82FD735}
	EndGlobalSection
EndGlobal
